
Microsoft Visual Studio Solution File, Format Version 12.00
# Visual Studio Version 16
VisualStudioVersion = 16.0.30413.136
MinimumVisualStudioVersion = 10.0.40219.1
Project("{FAE04EC0-301F-11D3-BF4B-00C04F79EFBC}") = "Snail", "Snail.csproj", "{B80BE473-9A40-4D45-B0D6-2FE38ADF10D7}"
EndProject
Global
	GlobalSection(SolutionConfigurationPlatforms) = preSolution
		Debug|Any CPU = Debug|Any CPU
		Release|Any CPU = Release|Any CPU
	EndGlobalSection
	GlobalSection(ProjectConfigurationPlatforms) = postSolution
		{B80BE473-9A40-4D45-B0D6-2FE38ADF10D7}.Debug|Any CPU.ActiveCfg = Debug|Any CPU
		{B80BE473-9A40-4D45-B0D6-2FE38ADF10D7}.Debug|Any CPU.Build.0 = Debug|Any CPU
		{B80BE473-9A40-4D45-B0D6-2FE38ADF10D7}.Release|Any CPU.ActiveCfg = Release|Any CPU
		{B80BE473-9A40-4D45-B0D6-2FE38ADF10D7}.Release|Any CPU.Build.0 = Release|Any CPU
	EndGlobalSection
	GlobalSection(SolutionProperties) = preSolution
		HideSolutionNode = FALSE
	EndGlobalSection
	GlobalSection(ExtensibilityGlobals) = postSolution
		SolutionGuid = {3D470348-10CA-4553-8738-6E1555AE9E2E}
	EndGlobalSection
EndGlobal
