
Microsoft Visual Studio Solution File, Format Version 12.00
# Visual Studio Version 16
VisualStudioVersion = 16.0.30503.244
MinimumVisualStudioVersion = 10.0.40219.1
Project("{FAE04EC0-301F-11D3-BF4B-00C04F79EFBC}") = "AddingBigNumbers", "AddingBigNumbers.csproj", "{8168FD5D-D0B7-436D-98A5-F47DFF88BBAD}"
EndProject
Global
	GlobalSection(SolutionConfigurationPlatforms) = preSolution
		Debug|Any CPU = Debug|Any CPU
		Release|Any CPU = Release|Any CPU
	EndGlobalSection
	GlobalSection(ProjectConfigurationPlatforms) = postSolution
		{8168FD5D-D0B7-436D-98A5-F47DFF88BBAD}.Debug|Any CPU.ActiveCfg = Debug|Any CPU
		{8168FD5D-D0B7-436D-98A5-F47DFF88BBAD}.Debug|Any CPU.Build.0 = Debug|Any CPU
		{8168FD5D-D0B7-436D-98A5-F47DFF88BBAD}.Release|Any CPU.ActiveCfg = Release|Any CPU
		{8168FD5D-D0B7-436D-98A5-F47DFF88BBAD}.Release|Any CPU.Build.0 = Release|Any CPU
	EndGlobalSection
	GlobalSection(SolutionProperties) = preSolution
		HideSolutionNode = FALSE
	EndGlobalSection
	GlobalSection(ExtensibilityGlobals) = postSolution
		SolutionGuid = {0FB6017E-CF0D-451E-B26C-B9E159A66F3F}
	EndGlobalSection
EndGlobal
