
Microsoft Visual Studio Solution File, Format Version 12.00
# Visual Studio Version 16
VisualStudioVersion = 16.0.30413.136
MinimumVisualStudioVersion = 10.0.40219.1
Project("{FAE04EC0-301F-11D3-BF4B-00C04F79EFBC}") = "Calculator", "Calculator.csproj", "{BCF9FCA4-98EF-40BA-8E6C-318B26546BB8}"
EndProject
Global
	GlobalSection(SolutionConfigurationPlatforms) = preSolution
		Debug|Any CPU = Debug|Any CPU
		Release|Any CPU = Release|Any CPU
	EndGlobalSection
	GlobalSection(ProjectConfigurationPlatforms) = postSolution
		{BCF9FCA4-98EF-40BA-8E6C-318B26546BB8}.Debug|Any CPU.ActiveCfg = Debug|Any CPU
		{BCF9FCA4-98EF-40BA-8E6C-318B26546BB8}.Debug|Any CPU.Build.0 = Debug|Any CPU
		{BCF9FCA4-98EF-40BA-8E6C-318B26546BB8}.Release|Any CPU.ActiveCfg = Release|Any CPU
		{BCF9FCA4-98EF-40BA-8E6C-318B26546BB8}.Release|Any CPU.Build.0 = Release|Any CPU
	EndGlobalSection
	GlobalSection(SolutionProperties) = preSolution
		HideSolutionNode = FALSE
	EndGlobalSection
	GlobalSection(ExtensibilityGlobals) = postSolution
		SolutionGuid = {F9D2AC17-DF7E-42E0-92BE-F112112D25C6}
	EndGlobalSection
EndGlobal
