
Microsoft Visual Studio Solution File, Format Version 12.00
# Visual Studio Version 16
VisualStudioVersion = 16.0.30406.217
MinimumVisualStudioVersion = 10.0.40219.1
Project("{FAE04EC0-301F-11D3-BF4B-00C04F79EFBC}") = "ROT13", "ROT13.csproj", "{F6E838BB-CAFE-47BC-89D0-B1D84A82786E}"
EndProject
Global
	GlobalSection(SolutionConfigurationPlatforms) = preSolution
		Debug|Any CPU = Debug|Any CPU
		Release|Any CPU = Release|Any CPU
	EndGlobalSection
	GlobalSection(ProjectConfigurationPlatforms) = postSolution
		{F6E838BB-CAFE-47BC-89D0-B1D84A82786E}.Debug|Any CPU.ActiveCfg = Debug|Any CPU
		{F6E838BB-CAFE-47BC-89D0-B1D84A82786E}.Debug|Any CPU.Build.0 = Debug|Any CPU
		{F6E838BB-CAFE-47BC-89D0-B1D84A82786E}.Release|Any CPU.ActiveCfg = Release|Any CPU
		{F6E838BB-CAFE-47BC-89D0-B1D84A82786E}.Release|Any CPU.Build.0 = Release|Any CPU
	EndGlobalSection
	GlobalSection(SolutionProperties) = preSolution
		HideSolutionNode = FALSE
	EndGlobalSection
	GlobalSection(ExtensibilityGlobals) = postSolution
		SolutionGuid = {450BC189-0C7F-4F0F-9A10-5B6FB858BA2A}
	EndGlobalSection
EndGlobal
