
Microsoft Visual Studio Solution File, Format Version 12.00
# Visual Studio Version 16
VisualStudioVersion = 16.0.30413.136
MinimumVisualStudioVersion = 10.0.40219.1
Project("{FAE04EC0-301F-11D3-BF4B-00C04F79EFBC}") = "morseDecode", "morseDecode.csproj", "{A32BE547-AE4F-4E24-A728-4A01AEAB3666}"
EndProject
Global
	GlobalSection(SolutionConfigurationPlatforms) = preSolution
		Debug|Any CPU = Debug|Any CPU
		Release|Any CPU = Release|Any CPU
	EndGlobalSection
	GlobalSection(ProjectConfigurationPlatforms) = postSolution
		{A32BE547-AE4F-4E24-A728-4A01AEAB3666}.Debug|Any CPU.ActiveCfg = Debug|Any CPU
		{A32BE547-AE4F-4E24-A728-4A01AEAB3666}.Debug|Any CPU.Build.0 = Debug|Any CPU
		{A32BE547-AE4F-4E24-A728-4A01AEAB3666}.Release|Any CPU.ActiveCfg = Release|Any CPU
		{A32BE547-AE4F-4E24-A728-4A01AEAB3666}.Release|Any CPU.Build.0 = Release|Any CPU
	EndGlobalSection
	GlobalSection(SolutionProperties) = preSolution
		HideSolutionNode = FALSE
	EndGlobalSection
	GlobalSection(ExtensibilityGlobals) = postSolution
		SolutionGuid = {F93D6DC8-D007-43F6-B06B-BF90B8257828}
	EndGlobalSection
EndGlobal
